// !$*UTF8*$!
{
	archiveVersion = 1;
	classes = {
	};
	objectVersion = 48;
	objects = {

/* Begin PBXBuildFile section */
		9403AEAE208C270E00B437F5 /* window_top_upside_down.png in Resources */ = {isa = PBXBuildFile; fileRef = 9403AEAD208C270E00B437F5 /* window_top_upside_down.png */; };
		94042498208564C800E63A49 /* Cube.dae in Resources */ = {isa = PBXBuildFile; fileRef = 94042497208564C800E63A49 /* Cube.dae */; };
		94120B90208B00B30068B657 /* smoke.png in Resources */ = {isa = PBXBuildFile; fileRef = 94120B8E208B00B30068B657 /* smoke.png */; };
		94120B91208B00B30068B657 /* smoke.scnp in Resources */ = {isa = PBXBuildFile; fileRef = 94120B8F208B00B30068B657 /* smoke.scnp */; };
		94120B93208B01860068B657 /* smoke2.scnp in Resources */ = {isa = PBXBuildFile; fileRef = 94120B92208B01860068B657 /* smoke2.scnp */; };
		9413E1EE2087CD9600BA203E /* metal.png in Resources */ = {isa = PBXBuildFile; fileRef = 9413E1EA2087CD9500BA203E /* metal.png */; };
		9413E1EF2087CD9600BA203E /* albedo.png in Resources */ = {isa = PBXBuildFile; fileRef = 9413E1EB2087CD9500BA203E /* albedo.png */; };
		9413E1F02087CD9600BA203E /* normal.png in Resources */ = {isa = PBXBuildFile; fileRef = 9413E1EC2087CD9500BA203E /* normal.png */; };
		9413E1F12087CD9600BA203E /* roughness.png in Resources */ = {isa = PBXBuildFile; fileRef = 9413E1ED2087CD9600BA203E /* roughness.png */; };
		9413E1F62087D49C00BA203E /* ret11.png in Resources */ = {isa = PBXBuildFile; fileRef = 9413E1F52087D49C00BA203E /* ret11.png */; };
		9413E1FB2087E5E200BA203E /* ret22.png in Resources */ = {isa = PBXBuildFile; fileRef = 9413E1F72087E5E100BA203E /* ret22.png */; };
		9413E1FC2087E5E200BA203E /* ret44.png in Resources */ = {isa = PBXBuildFile; fileRef = 9413E1F82087E5E200BA203E /* ret44.png */; };
		9413E1FD2087E5E200BA203E /* ret55.png in Resources */ = {isa = PBXBuildFile; fileRef = 9413E1F92087E5E200BA203E /* ret55.png */; };
		9413E1FE2087E5E200BA203E /* ret33.png in Resources */ = {isa = PBXBuildFile; fileRef = 9413E1FA2087E5E200BA203E /* ret33.png */; };
		9413E2002087E5E900BA203E /* ret66.png in Resources */ = {isa = PBXBuildFile; fileRef = 9413E1FF2087E5E900BA203E /* ret66.png */; };
		9413E2022087E5F100BA203E /* ret77.png in Resources */ = {isa = PBXBuildFile; fileRef = 9413E2012087E5F100BA203E /* ret77.png */; };
		9413E2052087FF2C00BA203E /* knewave.ttf in Resources */ = {isa = PBXBuildFile; fileRef = 9413E2042087FF2C00BA203E /* knewave.ttf */; };
		94171C0A208C6AA800C81710 /* health.png in Resources */ = {isa = PBXBuildFile; fileRef = 94171C09208C6AA800C81710 /* health.png */; };
		94171C0E208D5A0400C81710 /* EquippedTableViewCell.swift in Sources */ = {isa = PBXBuildFile; fileRef = 94171C0D208D5A0400C81710 /* EquippedTableViewCell.swift */; };
		943153292089251D00B8517B /* neuropol.ttf in Resources */ = {isa = PBXBuildFile; fileRef = 943153282089251D00B8517B /* neuropol.ttf */; };
		9431532C20892D3500B8517B /* ret1.png in Resources */ = {isa = PBXBuildFile; fileRef = 9431532B20892D3500B8517B /* ret1.png */; };
		943153332089317700B8517B /* Armory_Item_Frame.png in Resources */ = {isa = PBXBuildFile; fileRef = 943153322089317700B8517B /* Armory_Item_Frame.png */; };
		943153352089350F00B8517B /* window_top.png in Resources */ = {isa = PBXBuildFile; fileRef = 943153342089350F00B8517B /* window_top.png */; };
		94315337208935DE00B8517B /* window_bottom.png in Resources */ = {isa = PBXBuildFile; fileRef = 94315336208935DE00B8517B /* window_bottom.png */; };
		9431533C208963F300B8517B /* ret4.png in Resources */ = {isa = PBXBuildFile; fileRef = 94315339208963F300B8517B /* ret4.png */; };
		9431533D208963F300B8517B /* ret2.png in Resources */ = {isa = PBXBuildFile; fileRef = 9431533A208963F300B8517B /* ret2.png */; };
		9431533E208963F300B8517B /* ret3.png in Resources */ = {isa = PBXBuildFile; fileRef = 9431533B208963F300B8517B /* ret3.png */; };
		94315342208964F500B8517B /* ret5.png in Resources */ = {isa = PBXBuildFile; fileRef = 9431533F208964F500B8517B /* ret5.png */; };
		94315343208964F500B8517B /* ret7.png in Resources */ = {isa = PBXBuildFile; fileRef = 94315340208964F500B8517B /* ret7.png */; };
		94315344208964F500B8517B /* ret6.png in Resources */ = {isa = PBXBuildFile; fileRef = 94315341208964F500B8517B /* ret6.png */; };
		943153482089A19400B8517B /* main_field_2.png in Resources */ = {isa = PBXBuildFile; fileRef = 943153452089A19400B8517B /* main_field_2.png */; };
		943153492089A19400B8517B /* main_field_3.png in Resources */ = {isa = PBXBuildFile; fileRef = 943153462089A19400B8517B /* main_field_3.png */; };
		9431534A2089A19400B8517B /* main_field_1.png in Resources */ = {isa = PBXBuildFile; fileRef = 943153472089A19400B8517B /* main_field_1.png */; };
		9431534D2089E19800B8517B /* 3.png in Resources */ = {isa = PBXBuildFile; fileRef = 9431534C2089E19800B8517B /* 3.png */; };
		943153512089E19E00B8517B /* 0.png in Resources */ = {isa = PBXBuildFile; fileRef = 9431534E2089E19E00B8517B /* 0.png */; };
		943153522089E19E00B8517B /* 1.png in Resources */ = {isa = PBXBuildFile; fileRef = 9431534F2089E19E00B8517B /* 1.png */; };
		943153532089E19E00B8517B /* 2.png in Resources */ = {isa = PBXBuildFile; fileRef = 943153502089E19E00B8517B /* 2.png */; };
		94315356208A7F7F00B8517B /* locked.png in Resources */ = {isa = PBXBuildFile; fileRef = 94315355208A7F7F00B8517B /* locked.png */; };
		9445B8F12058A17200B64F9C /* Extensions.swift in Sources */ = {isa = PBXBuildFile; fileRef = 9445B8F02058A17200B64F9C /* Extensions.swift */; };
		9445B8F32058AE2200B64F9C /* PlayerLazersController.swift in Sources */ = {isa = PBXBuildFile; fileRef = 9445B8F22058AE2200B64F9C /* PlayerLazersController.swift */; };
		9445B8F62058EF7D00B64F9C /* UFO.dae in Resources */ = {isa = PBXBuildFile; fileRef = 9445B8F52058EF7D00B64F9C /* UFO.dae */; };
		9445B8F92058FB7500B64F9C /* spark.png in Resources */ = {isa = PBXBuildFile; fileRef = 9445B8F72058FB7500B64F9C /* spark.png */; };
		9445B8FA2058FB7500B64F9C /* Explosion.scnp in Resources */ = {isa = PBXBuildFile; fileRef = 9445B8F82058FB7500B64F9C /* Explosion.scnp */; };
		94621ADD205F440800CCB73B /* UFO2.dae in Resources */ = {isa = PBXBuildFile; fileRef = 94621ADC205F440800CCB73B /* UFO2.dae */; };
		9464352120606964008A472A /* ArcadeModeTableViewCell.swift in Sources */ = {isa = PBXBuildFile; fileRef = 9464352020606964008A472A /* ArcadeModeTableViewCell.swift */; };
		946435242060759D008A472A /* WelcomeScene.swift in Sources */ = {isa = PBXBuildFile; fileRef = 946435232060759D008A472A /* WelcomeScene.swift */; };
		946A48E72057C20E0083899E /* Protocols.swift in Sources */ = {isa = PBXBuildFile; fileRef = 946A48E62057C20E0083899E /* Protocols.swift */; };
		946A48EB2057D0BE0083899E /* GameController.swift in Sources */ = {isa = PBXBuildFile; fileRef = 946A48EA2057D0BE0083899E /* GameController.swift */; };
		946A48ED2057D57D0083899E /* Constants.swift in Sources */ = {isa = PBXBuildFile; fileRef = 946A48EC2057D57D0083899E /* Constants.swift */; };
		948E4E67205C9F0200DC6FF9 /* WelcomeViewController.swift in Sources */ = {isa = PBXBuildFile; fileRef = 948E4E66205C9F0200DC6FF9 /* WelcomeViewController.swift */; };
		948E4E6C205CDACC00DC6FF9 /* PlayerAttributes.swift in Sources */ = {isa = PBXBuildFile; fileRef = 948E4E6B205CDACC00DC6FF9 /* PlayerAttributes.swift */; };
		94ABDB6B2086991C00B8BFA4 /* ReportTableViewCell.swift in Sources */ = {isa = PBXBuildFile; fileRef = 94ABDB6A2086991C00B8BFA4 /* ReportTableViewCell.swift */; };
		94B6E8EF20574F9C006F9CFC /* AppDelegate.swift in Sources */ = {isa = PBXBuildFile; fileRef = 94B6E8EE20574F9C006F9CFC /* AppDelegate.swift */; };
		94B6E8F320574F9C006F9CFC /* GameViewController.swift in Sources */ = {isa = PBXBuildFile; fileRef = 94B6E8F220574F9C006F9CFC /* GameViewController.swift */; };
		94B6E8F620574F9C006F9CFC /* Main.storyboard in Resources */ = {isa = PBXBuildFile; fileRef = 94B6E8F420574F9C006F9CFC /* Main.storyboard */; };
		94B6E8F820574F9C006F9CFC /* Assets.xcassets in Resources */ = {isa = PBXBuildFile; fileRef = 94B6E8F720574F9C006F9CFC /* Assets.xcassets */; };
		94B6E8FB20574F9C006F9CFC /* LaunchScreen.storyboard in Resources */ = {isa = PBXBuildFile; fileRef = 94B6E8F920574F9C006F9CFC /* LaunchScreen.storyboard */; };
		94B6E90620574F9C006F9CFC /* OhNoUFOTests.swift in Sources */ = {isa = PBXBuildFile; fileRef = 94B6E90520574F9C006F9CFC /* OhNoUFOTests.swift */; };
		94B6E91120574F9C006F9CFC /* OhNoUFOUITests.swift in Sources */ = {isa = PBXBuildFile; fileRef = 94B6E91020574F9C006F9CFC /* OhNoUFOUITests.swift */; };
		94B6E93520579C50006F9CFC /* UFO_D.tga in Resources */ = {isa = PBXBuildFile; fileRef = 94B6E92D20579C50006F9CFC /* UFO_D.tga */; };
		94B6E93620579C50006F9CFC /* UFO.mtl in Resources */ = {isa = PBXBuildFile; fileRef = 94B6E92E20579C50006F9CFC /* UFO.mtl */; };
		94B6E93820579C50006F9CFC /* UFO_Light_D.tga in Resources */ = {isa = PBXBuildFile; fileRef = 94B6E93020579C50006F9CFC /* UFO_Light_D.tga */; };
		94B6E93A20579C50006F9CFC /* UFO_N.tga in Resources */ = {isa = PBXBuildFile; fileRef = 94B6E93220579C50006F9CFC /* UFO_N.tga */; };
		94C51AF020886F1B006474F7 /* background.png in Resources */ = {isa = PBXBuildFile; fileRef = 94C51AEF20886F1B006474F7 /* background.png */; };
		94C51AF220887064006474F7 /* background3.png in Resources */ = {isa = PBXBuildFile; fileRef = 94C51AF120887063006474F7 /* background3.png */; };
		94D029D3208B0937007540C5 /* smok3.scnp in Resources */ = {isa = PBXBuildFile; fileRef = 94D029D2208B0937007540C5 /* smok3.scnp */; };
		94D661F3206093230085A698 /* LaserTableViewCell.swift in Sources */ = {isa = PBXBuildFile; fileRef = 94D661F2206093230085A698 /* LaserTableViewCell.swift */; };
		94D661F5206093900085A698 /* LaserCollectionViewCell.swift in Sources */ = {isa = PBXBuildFile; fileRef = 94D661F4206093900085A698 /* LaserCollectionViewCell.swift */; };
		94D661F72060941A0085A698 /* Structs.swift in Sources */ = {isa = PBXBuildFile; fileRef = 94D661F62060941A0085A698 /* Structs.swift */; };
		94F4989A208DD91900498539 /* PowerupTableViewCell.swift in Sources */ = {isa = PBXBuildFile; fileRef = 94F49899208DD91900498539 /* PowerupTableViewCell.swift */; };
		94F4989C208DD99700498539 /* PowerupCollectionViewCell.swift in Sources */ = {isa = PBXBuildFile; fileRef = 94F4989B208DD99700498539 /* PowerupCollectionViewCell.swift */; };
		94F498A0208E6B3500498539 /* mag.png in Resources */ = {isa = PBXBuildFile; fileRef = 94F4989D208E6B3500498539 /* mag.png */; };
		94F498A1208E6B3500498539 /* shield.png in Resources */ = {isa = PBXBuildFile; fileRef = 94F4989E208E6B3500498539 /* shield.png */; };
		94F498A2208E6B3500498539 /* gear.png in Resources */ = {isa = PBXBuildFile; fileRef = 94F4989F208E6B3500498539 /* gear.png */; };
		BD0A48F7205F496100A9E9AD /* Enemy.swift in Sources */ = {isa = PBXBuildFile; fileRef = BD0A48F6205F496100A9E9AD /* Enemy.swift */; };
		BD0A48F9205F49EF00A9E9AD /* EnemyType.swift in Sources */ = {isa = PBXBuildFile; fileRef = BD0A48F8205F49EF00A9E9AD /* EnemyType.swift */; };
		BDB70A0620633114006575C3 /* WaveController.swift in Sources */ = {isa = PBXBuildFile; fileRef = BDB70A0520633114006575C3 /* WaveController.swift */; };
		BDB70A0820633312006575C3 /* PotentiallyUnsafeGlobals.swift in Sources */ = {isa = PBXBuildFile; fileRef = BDB70A0720633312006575C3 /* PotentiallyUnsafeGlobals.swift */; };
		BDB70A0A206339BC006575C3 /* DefaultGameSettings.swift in Sources */ = {isa = PBXBuildFile; fileRef = BDB70A09206339BC006575C3 /* DefaultGameSettings.swift */; };
		BDEF8275209FC667009DBFE0 /* RoundReport.swift in Sources */ = {isa = PBXBuildFile; fileRef = BDEF8274209FC667009DBFE0 /* RoundReport.swift */; };
		BDEF8277209FC67C009DBFE0 /* RoundStatistics.swift in Sources */ = {isa = PBXBuildFile; fileRef = BDEF8276209FC67C009DBFE0 /* RoundStatistics.swift */; };
		BDEF8279209FC864009DBFE0 /* GlobalStatistics.swift in Sources */ = {isa = PBXBuildFile; fileRef = BDEF8278209FC864009DBFE0 /* GlobalStatistics.swift */; };
/* End PBXBuildFile section */

/* Begin PBXContainerItemProxy section */
		94B6E90220574F9C006F9CFC /* PBXContainerItemProxy */ = {
			isa = PBXContainerItemProxy;
			containerPortal = 94B6E8E320574F9C006F9CFC /* Project object */;
			proxyType = 1;
			remoteGlobalIDString = 94B6E8EA20574F9C006F9CFC;
			remoteInfo = OhNoUFO;
		};
		94B6E90D20574F9C006F9CFC /* PBXContainerItemProxy */ = {
			isa = PBXContainerItemProxy;
			containerPortal = 94B6E8E320574F9C006F9CFC /* Project object */;
			proxyType = 1;
			remoteGlobalIDString = 94B6E8EA20574F9C006F9CFC;
			remoteInfo = OhNoUFO;
		};
/* End PBXContainerItemProxy section */

/* Begin PBXFileReference section */
		9403AEAD208C270E00B437F5 /* window_top_upside_down.png */ = {isa = PBXFileReference; lastKnownFileType = image.png; path = window_top_upside_down.png; sourceTree = "<group>"; };
		94042497208564C800E63A49 /* Cube.dae */ = {isa = PBXFileReference; fileEncoding = 4; lastKnownFileType = text.xml.dae; path = Cube.dae; sourceTree = "<group>"; };
		94120B8E208B00B30068B657 /* smoke.png */ = {isa = PBXFileReference; lastKnownFileType = image.png; path = smoke.png; sourceTree = "<group>"; };
		94120B8F208B00B30068B657 /* smoke.scnp */ = {isa = PBXFileReference; lastKnownFileType = file.scp; path = smoke.scnp; sourceTree = "<group>"; };
		94120B92208B01860068B657 /* smoke2.scnp */ = {isa = PBXFileReference; lastKnownFileType = file.scp; path = smoke2.scnp; sourceTree = "<group>"; };
		9413E1EA2087CD9500BA203E /* metal.png */ = {isa = PBXFileReference; lastKnownFileType = image.png; path = metal.png; sourceTree = "<group>"; };
		9413E1EB2087CD9500BA203E /* albedo.png */ = {isa = PBXFileReference; lastKnownFileType = image.png; path = albedo.png; sourceTree = "<group>"; };
		9413E1EC2087CD9500BA203E /* normal.png */ = {isa = PBXFileReference; lastKnownFileType = image.png; path = normal.png; sourceTree = "<group>"; };
		9413E1ED2087CD9600BA203E /* roughness.png */ = {isa = PBXFileReference; lastKnownFileType = image.png; path = roughness.png; sourceTree = "<group>"; };
		9413E1F52087D49C00BA203E /* ret11.png */ = {isa = PBXFileReference; lastKnownFileType = image.png; name = ret11.png; path = OhNoUFO/Assets/ret/ret11.png; sourceTree = SOURCE_ROOT; };
		9413E1F72087E5E100BA203E /* ret22.png */ = {isa = PBXFileReference; lastKnownFileType = image.png; path = ret22.png; sourceTree = "<group>"; };
		9413E1F82087E5E200BA203E /* ret44.png */ = {isa = PBXFileReference; lastKnownFileType = image.png; path = ret44.png; sourceTree = "<group>"; };
		9413E1F92087E5E200BA203E /* ret55.png */ = {isa = PBXFileReference; lastKnownFileType = image.png; path = ret55.png; sourceTree = "<group>"; };
		9413E1FA2087E5E200BA203E /* ret33.png */ = {isa = PBXFileReference; lastKnownFileType = image.png; path = ret33.png; sourceTree = "<group>"; };
		9413E1FF2087E5E900BA203E /* ret66.png */ = {isa = PBXFileReference; lastKnownFileType = image.png; path = ret66.png; sourceTree = "<group>"; };
		9413E2012087E5F100BA203E /* ret77.png */ = {isa = PBXFileReference; lastKnownFileType = image.png; path = ret77.png; sourceTree = "<group>"; };
		9413E2042087FF2C00BA203E /* knewave.ttf */ = {isa = PBXFileReference; lastKnownFileType = file; path = knewave.ttf; sourceTree = "<group>"; };
		94171C09208C6AA800C81710 /* health.png */ = {isa = PBXFileReference; lastKnownFileType = image.png; path = health.png; sourceTree = "<group>"; };
		94171C0D208D5A0400C81710 /* EquippedTableViewCell.swift */ = {isa = PBXFileReference; lastKnownFileType = sourcecode.swift; path = EquippedTableViewCell.swift; sourceTree = "<group>"; };
		943153282089251D00B8517B /* neuropol.ttf */ = {isa = PBXFileReference; lastKnownFileType = file; path = neuropol.ttf; sourceTree = "<group>"; };
		9431532B20892D3500B8517B /* ret1.png */ = {isa = PBXFileReference; lastKnownFileType = image.png; path = ret1.png; sourceTree = "<group>"; };
		94315330208930CC00B8517B /* bg.png */ = {isa = PBXFileReference; lastKnownFileType = image.png; path = bg.png; sourceTree = "<group>"; };
		943153322089317700B8517B /* Armory_Item_Frame.png */ = {isa = PBXFileReference; lastKnownFileType = image.png; path = Armory_Item_Frame.png; sourceTree = "<group>"; };
		943153342089350F00B8517B /* window_top.png */ = {isa = PBXFileReference; lastKnownFileType = image.png; path = window_top.png; sourceTree = "<group>"; };
		94315336208935DE00B8517B /* window_bottom.png */ = {isa = PBXFileReference; lastKnownFileType = image.png; path = window_bottom.png; sourceTree = "<group>"; };
		94315339208963F300B8517B /* ret4.png */ = {isa = PBXFileReference; lastKnownFileType = image.png; path = ret4.png; sourceTree = "<group>"; };
		9431533A208963F300B8517B /* ret2.png */ = {isa = PBXFileReference; lastKnownFileType = image.png; path = ret2.png; sourceTree = "<group>"; };
		9431533B208963F300B8517B /* ret3.png */ = {isa = PBXFileReference; lastKnownFileType = image.png; path = ret3.png; sourceTree = "<group>"; };
		9431533F208964F500B8517B /* ret5.png */ = {isa = PBXFileReference; lastKnownFileType = image.png; path = ret5.png; sourceTree = "<group>"; };
		94315340208964F500B8517B /* ret7.png */ = {isa = PBXFileReference; lastKnownFileType = image.png; path = ret7.png; sourceTree = "<group>"; };
		94315341208964F500B8517B /* ret6.png */ = {isa = PBXFileReference; lastKnownFileType = image.png; path = ret6.png; sourceTree = "<group>"; };
		943153452089A19400B8517B /* main_field_2.png */ = {isa = PBXFileReference; lastKnownFileType = image.png; path = main_field_2.png; sourceTree = "<group>"; };
		943153462089A19400B8517B /* main_field_3.png */ = {isa = PBXFileReference; lastKnownFileType = image.png; path = main_field_3.png; sourceTree = "<group>"; };
		943153472089A19400B8517B /* main_field_1.png */ = {isa = PBXFileReference; lastKnownFileType = image.png; path = main_field_1.png; sourceTree = "<group>"; };
		9431534C2089E19800B8517B /* 3.png */ = {isa = PBXFileReference; lastKnownFileType = image.png; path = 3.png; sourceTree = "<group>"; };
		9431534E2089E19E00B8517B /* 0.png */ = {isa = PBXFileReference; lastKnownFileType = image.png; path = 0.png; sourceTree = "<group>"; };
		9431534F2089E19E00B8517B /* 1.png */ = {isa = PBXFileReference; lastKnownFileType = image.png; path = 1.png; sourceTree = "<group>"; };
		943153502089E19E00B8517B /* 2.png */ = {isa = PBXFileReference; lastKnownFileType = image.png; path = 2.png; sourceTree = "<group>"; };
		94315355208A7F7F00B8517B /* locked.png */ = {isa = PBXFileReference; lastKnownFileType = image.png; path = locked.png; sourceTree = "<group>"; };
		9445B8F02058A17200B64F9C /* Extensions.swift */ = {isa = PBXFileReference; lastKnownFileType = sourcecode.swift; path = Extensions.swift; sourceTree = "<group>"; };
		9445B8F22058AE2200B64F9C /* PlayerLazersController.swift */ = {isa = PBXFileReference; lastKnownFileType = sourcecode.swift; path = PlayerLazersController.swift; sourceTree = "<group>"; };
		9445B8F52058EF7D00B64F9C /* UFO.dae */ = {isa = PBXFileReference; fileEncoding = 4; lastKnownFileType = text.xml.dae; path = UFO.dae; sourceTree = "<group>"; };
		9445B8F72058FB7500B64F9C /* spark.png */ = {isa = PBXFileReference; lastKnownFileType = image.png; path = spark.png; sourceTree = "<group>"; };
		9445B8F82058FB7500B64F9C /* Explosion.scnp */ = {isa = PBXFileReference; lastKnownFileType = file.scp; path = Explosion.scnp; sourceTree = "<group>"; };
		94621ADC205F440800CCB73B /* UFO2.dae */ = {isa = PBXFileReference; fileEncoding = 4; lastKnownFileType = text.xml.dae; path = UFO2.dae; sourceTree = "<group>"; };
		9464352020606964008A472A /* ArcadeModeTableViewCell.swift */ = {isa = PBXFileReference; lastKnownFileType = sourcecode.swift; name = ArcadeModeTableViewCell.swift; path = OhNoUFO/Cells/ArcadeModeTableViewCell.swift; sourceTree = SOURCE_ROOT; };
		946435232060759D008A472A /* WelcomeScene.swift */ = {isa = PBXFileReference; lastKnownFileType = sourcecode.swift; path = WelcomeScene.swift; sourceTree = "<group>"; };
		946A48E62057C20E0083899E /* Protocols.swift */ = {isa = PBXFileReference; lastKnownFileType = sourcecode.swift; path = Protocols.swift; sourceTree = "<group>"; };
		946A48EA2057D0BE0083899E /* GameController.swift */ = {isa = PBXFileReference; lastKnownFileType = sourcecode.swift; path = GameController.swift; sourceTree = "<group>"; };
		946A48EC2057D57D0083899E /* Constants.swift */ = {isa = PBXFileReference; lastKnownFileType = sourcecode.swift; path = Constants.swift; sourceTree = "<group>"; };
		948E4E66205C9F0200DC6FF9 /* WelcomeViewController.swift */ = {isa = PBXFileReference; lastKnownFileType = sourcecode.swift; path = WelcomeViewController.swift; sourceTree = "<group>"; };
		948E4E6B205CDACC00DC6FF9 /* PlayerAttributes.swift */ = {isa = PBXFileReference; lastKnownFileType = sourcecode.swift; path = PlayerAttributes.swift; sourceTree = "<group>"; };
		94ABDB6A2086991C00B8BFA4 /* ReportTableViewCell.swift */ = {isa = PBXFileReference; lastKnownFileType = sourcecode.swift; path = ReportTableViewCell.swift; sourceTree = "<group>"; };
		94B6E8EB20574F9C006F9CFC /* OhNoUFO.app */ = {isa = PBXFileReference; explicitFileType = wrapper.application; includeInIndex = 0; path = OhNoUFO.app; sourceTree = BUILT_PRODUCTS_DIR; };
		94B6E8EE20574F9C006F9CFC /* AppDelegate.swift */ = {isa = PBXFileReference; lastKnownFileType = sourcecode.swift; path = AppDelegate.swift; sourceTree = "<group>"; };
		94B6E8F220574F9C006F9CFC /* GameViewController.swift */ = {isa = PBXFileReference; lastKnownFileType = sourcecode.swift; path = GameViewController.swift; sourceTree = "<group>"; };
		94B6E8F520574F9C006F9CFC /* Base */ = {isa = PBXFileReference; lastKnownFileType = file.storyboard; name = Base; path = Base.lproj/Main.storyboard; sourceTree = "<group>"; };
		94B6E8F720574F9C006F9CFC /* Assets.xcassets */ = {isa = PBXFileReference; lastKnownFileType = folder.assetcatalog; name = Assets.xcassets; path = OhNoUFO/Assets.xcassets; sourceTree = SOURCE_ROOT; };
		94B6E8FA20574F9C006F9CFC /* Base */ = {isa = PBXFileReference; lastKnownFileType = file.storyboard; name = Base; path = Base.lproj/LaunchScreen.storyboard; sourceTree = "<group>"; };
		94B6E8FC20574F9C006F9CFC /* Info.plist */ = {isa = PBXFileReference; lastKnownFileType = text.plist.xml; path = Info.plist; sourceTree = "<group>"; };
		94B6E90120574F9C006F9CFC /* OhNoUFOTests.xctest */ = {isa = PBXFileReference; explicitFileType = wrapper.cfbundle; includeInIndex = 0; path = OhNoUFOTests.xctest; sourceTree = BUILT_PRODUCTS_DIR; };
		94B6E90520574F9C006F9CFC /* OhNoUFOTests.swift */ = {isa = PBXFileReference; lastKnownFileType = sourcecode.swift; path = OhNoUFOTests.swift; sourceTree = "<group>"; };
		94B6E90720574F9C006F9CFC /* Info.plist */ = {isa = PBXFileReference; lastKnownFileType = text.plist.xml; path = Info.plist; sourceTree = "<group>"; };
		94B6E90C20574F9C006F9CFC /* OhNoUFOUITests.xctest */ = {isa = PBXFileReference; explicitFileType = wrapper.cfbundle; includeInIndex = 0; path = OhNoUFOUITests.xctest; sourceTree = BUILT_PRODUCTS_DIR; };
		94B6E91020574F9C006F9CFC /* OhNoUFOUITests.swift */ = {isa = PBXFileReference; lastKnownFileType = sourcecode.swift; path = OhNoUFOUITests.swift; sourceTree = "<group>"; };
		94B6E91220574F9C006F9CFC /* Info.plist */ = {isa = PBXFileReference; lastKnownFileType = text.plist.xml; path = Info.plist; sourceTree = "<group>"; };
		94B6E92D20579C50006F9CFC /* UFO_D.tga */ = {isa = PBXFileReference; lastKnownFileType = file; path = UFO_D.tga; sourceTree = "<group>"; };
		94B6E92E20579C50006F9CFC /* UFO.mtl */ = {isa = PBXFileReference; fileEncoding = 4; lastKnownFileType = text; path = UFO.mtl; sourceTree = "<group>"; };
		94B6E93020579C50006F9CFC /* UFO_Light_D.tga */ = {isa = PBXFileReference; lastKnownFileType = file; path = UFO_Light_D.tga; sourceTree = "<group>"; };
		94B6E93220579C50006F9CFC /* UFO_N.tga */ = {isa = PBXFileReference; lastKnownFileType = file; path = UFO_N.tga; sourceTree = "<group>"; };
		94C51AEF20886F1B006474F7 /* background.png */ = {isa = PBXFileReference; lastKnownFileType = image.png; path = background.png; sourceTree = "<group>"; };
		94C51AF120887063006474F7 /* background3.png */ = {isa = PBXFileReference; lastKnownFileType = image.png; path = background3.png; sourceTree = "<group>"; };
		94D029D2208B0937007540C5 /* smok3.scnp */ = {isa = PBXFileReference; lastKnownFileType = file.scp; path = smok3.scnp; sourceTree = "<group>"; };
		94D661F2206093230085A698 /* LaserTableViewCell.swift */ = {isa = PBXFileReference; lastKnownFileType = sourcecode.swift; path = LaserTableViewCell.swift; sourceTree = "<group>"; };
		94D661F4206093900085A698 /* LaserCollectionViewCell.swift */ = {isa = PBXFileReference; lastKnownFileType = sourcecode.swift; path = LaserCollectionViewCell.swift; sourceTree = "<group>"; };
		94D661F62060941A0085A698 /* Structs.swift */ = {isa = PBXFileReference; lastKnownFileType = sourcecode.swift; path = Structs.swift; sourceTree = "<group>"; };
		94F49899208DD91900498539 /* PowerupTableViewCell.swift */ = {isa = PBXFileReference; lastKnownFileType = sourcecode.swift; path = PowerupTableViewCell.swift; sourceTree = "<group>"; };
		94F4989B208DD99700498539 /* PowerupCollectionViewCell.swift */ = {isa = PBXFileReference; lastKnownFileType = sourcecode.swift; path = PowerupCollectionViewCell.swift; sourceTree = "<group>"; };
		94F4989D208E6B3500498539 /* mag.png */ = {isa = PBXFileReference; lastKnownFileType = image.png; path = mag.png; sourceTree = "<group>"; };
		94F4989E208E6B3500498539 /* shield.png */ = {isa = PBXFileReference; lastKnownFileType = image.png; path = shield.png; sourceTree = "<group>"; };
		94F4989F208E6B3500498539 /* gear.png */ = {isa = PBXFileReference; lastKnownFileType = image.png; path = gear.png; sourceTree = "<group>"; };
		BD0A48F6205F496100A9E9AD /* Enemy.swift */ = {isa = PBXFileReference; lastKnownFileType = sourcecode.swift; path = Enemy.swift; sourceTree = "<group>"; };
		BD0A48F8205F49EF00A9E9AD /* EnemyType.swift */ = {isa = PBXFileReference; lastKnownFileType = sourcecode.swift; path = EnemyType.swift; sourceTree = "<group>"; };
		BDB70A0520633114006575C3 /* WaveController.swift */ = {isa = PBXFileReference; lastKnownFileType = sourcecode.swift; path = WaveController.swift; sourceTree = "<group>"; };
		BDB70A0720633312006575C3 /* PotentiallyUnsafeGlobals.swift */ = {isa = PBXFileReference; lastKnownFileType = sourcecode.swift; path = PotentiallyUnsafeGlobals.swift; sourceTree = "<group>"; };
		BDB70A09206339BC006575C3 /* DefaultGameSettings.swift */ = {isa = PBXFileReference; lastKnownFileType = sourcecode.swift; path = DefaultGameSettings.swift; sourceTree = "<group>"; };
		BDEF8274209FC667009DBFE0 /* RoundReport.swift */ = {isa = PBXFileReference; lastKnownFileType = sourcecode.swift; path = RoundReport.swift; sourceTree = "<group>"; };
		BDEF8276209FC67C009DBFE0 /* RoundStatistics.swift */ = {isa = PBXFileReference; lastKnownFileType = sourcecode.swift; path = RoundStatistics.swift; sourceTree = "<group>"; };
		BDEF8278209FC864009DBFE0 /* GlobalStatistics.swift */ = {isa = PBXFileReference; lastKnownFileType = sourcecode.swift; path = GlobalStatistics.swift; sourceTree = "<group>"; };
/* End PBXFileReference section */

/* Begin PBXFrameworksBuildPhase section */
		94B6E8E820574F9C006F9CFC /* Frameworks */ = {
			isa = PBXFrameworksBuildPhase;
			buildActionMask = 2147483647;
			files = (
			);
			runOnlyForDeploymentPostprocessing = 0;
		};
		94B6E8FE20574F9C006F9CFC /* Frameworks */ = {
			isa = PBXFrameworksBuildPhase;
			buildActionMask = 2147483647;
			files = (
			);
			runOnlyForDeploymentPostprocessing = 0;
		};
		94B6E90920574F9C006F9CFC /* Frameworks */ = {
			isa = PBXFrameworksBuildPhase;
			buildActionMask = 2147483647;
			files = (
			);
			runOnlyForDeploymentPostprocessing = 0;
		};
/* End PBXFrameworksBuildPhase section */

/* Begin PBXGroup section */
		94042496208564B700E63A49 /* Cube */ = {
			isa = PBXGroup;
			children = (
				94042497208564C800E63A49 /* Cube.dae */,
			);
			path = Cube;
			sourceTree = "<group>";
		};
		9413E1F22087D46B00BA203E /* Assets */ = {
			isa = PBXGroup;
			children = (
				94315354208A7F6500B8517B /* powerup */,
				9431534B2089E19000B8517B /* stars */,
				94B6E92B20579C50006F9CFC /* 3D Objects */,
				943153382089629600B8517B /* UIElements */,
				9431532F208930AC00B8517B /* backgrounds */,
				9413E2032087FF1900BA203E /* fonts */,
				9431532A20892D2500B8517B /* ret2 */,
				9413E1F42087D48E00BA203E /* ret */,
				9413E1F32087D47800BA203E /* Texture */,
			);
			path = Assets;
			sourceTree = "<group>";
		};
		9413E1F32087D47800BA203E /* Texture */ = {
			isa = PBXGroup;
			children = (
				9413E1EA2087CD9500BA203E /* metal.png */,
				9413E1EC2087CD9500BA203E /* normal.png */,
				9413E1ED2087CD9600BA203E /* roughness.png */,
				9413E1EB2087CD9500BA203E /* albedo.png */,
			);
			path = Texture;
			sourceTree = "<group>";
		};
		9413E1F42087D48E00BA203E /* ret */ = {
			isa = PBXGroup;
			children = (
				9413E1F52087D49C00BA203E /* ret11.png */,
				9413E1F72087E5E100BA203E /* ret22.png */,
				9413E1FA2087E5E200BA203E /* ret33.png */,
				9413E1F82087E5E200BA203E /* ret44.png */,
				9413E1F92087E5E200BA203E /* ret55.png */,
				9413E1FF2087E5E900BA203E /* ret66.png */,
				9413E2012087E5F100BA203E /* ret77.png */,
			);
			path = ret;
			sourceTree = "<group>";
		};
		9413E2032087FF1900BA203E /* fonts */ = {
			isa = PBXGroup;
			children = (
				943153282089251D00B8517B /* neuropol.ttf */,
				9413E2042087FF2C00BA203E /* knewave.ttf */,
			);
			path = fonts;
			sourceTree = "<group>";
		};
		9431532A20892D2500B8517B /* ret2 */ = {
			isa = PBXGroup;
			children = (
				9431532B20892D3500B8517B /* ret1.png */,
				9431533A208963F300B8517B /* ret2.png */,
				9431533B208963F300B8517B /* ret3.png */,
				94315339208963F300B8517B /* ret4.png */,
				9431533F208964F500B8517B /* ret5.png */,
				94315341208964F500B8517B /* ret6.png */,
				94315340208964F500B8517B /* ret7.png */,
			);
			path = ret2;
			sourceTree = "<group>";
		};
		9431532F208930AC00B8517B /* backgrounds */ = {
			isa = PBXGroup;
			children = (
				94C51AEF20886F1B006474F7 /* background.png */,
				94315330208930CC00B8517B /* bg.png */,
				94C51AF120887063006474F7 /* background3.png */,
			);
			path = backgrounds;
			sourceTree = "<group>";
		};
		943153382089629600B8517B /* UIElements */ = {
			isa = PBXGroup;
			children = (
				94171C09208C6AA800C81710 /* health.png */,
				943153322089317700B8517B /* Armory_Item_Frame.png */,
				943153472089A19400B8517B /* main_field_1.png */,
				943153452089A19400B8517B /* main_field_2.png */,
				943153462089A19400B8517B /* main_field_3.png */,
				943153342089350F00B8517B /* window_top.png */,
				9403AEAD208C270E00B437F5 /* window_top_upside_down.png */,
				94315336208935DE00B8517B /* window_bottom.png */,
			);
			path = UIElements;
			sourceTree = "<group>";
		};
		9431534B2089E19000B8517B /* stars */ = {
			isa = PBXGroup;
			children = (
				9431534C2089E19800B8517B /* 3.png */,
				9431534E2089E19E00B8517B /* 0.png */,
				9431534F2089E19E00B8517B /* 1.png */,
				943153502089E19E00B8517B /* 2.png */,
			);
			path = stars;
			sourceTree = "<group>";
		};
		94315354208A7F6500B8517B /* powerup */ = {
			isa = PBXGroup;
			children = (
				94315355208A7F7F00B8517B /* locked.png */,
				94F4989F208E6B3500498539 /* gear.png */,
				94F4989D208E6B3500498539 /* mag.png */,
				94F4989E208E6B3500498539 /* shield.png */,
			);
			path = powerup;
			sourceTree = "<group>";
		};
		94621AD0205F379F00CCB73B /* UFO1 */ = {
			isa = PBXGroup;
			children = (
				94B6E92D20579C50006F9CFC /* UFO_D.tga */,
				9445B8F52058EF7D00B64F9C /* UFO.dae */,
				94B6E92E20579C50006F9CFC /* UFO.mtl */,
				94B6E93020579C50006F9CFC /* UFO_Light_D.tga */,
				94B6E93220579C50006F9CFC /* UFO_N.tga */,
			);
			path = UFO1;
			sourceTree = "<group>";
		};
		94621AD1205F3F7F00CCB73B /* UFO2 */ = {
			isa = PBXGroup;
			children = (
				94621ADC205F440800CCB73B /* UFO2.dae */,
			);
			path = UFO2;
			sourceTree = "<group>";
		};
		946435222060696D008A472A /* Cells */ = {
			isa = PBXGroup;
			children = (
				9464352020606964008A472A /* ArcadeModeTableViewCell.swift */,
				94ABDB6A2086991C00B8BFA4 /* ReportTableViewCell.swift */,
				94171C0D208D5A0400C81710 /* EquippedTableViewCell.swift */,
				94D661F2206093230085A698 /* LaserTableViewCell.swift */,
				94D661F4206093900085A698 /* LaserCollectionViewCell.swift */,
				94F49899208DD91900498539 /* PowerupTableViewCell.swift */,
				94F4989B208DD99700498539 /* PowerupCollectionViewCell.swift */,
			);
			path = Cells;
			sourceTree = "<group>";
		};
		94643525206075CC008A472A /* Scenes */ = {
			isa = PBXGroup;
			children = (
				946435232060759D008A472A /* WelcomeScene.swift */,
			);
			path = Scenes;
			sourceTree = "<group>";
		};
		948E4E68205CD8C500DC6FF9 /* Enemy */ = {
			isa = PBXGroup;
			children = (
				946A48EA2057D0BE0083899E /* GameController.swift */,
				BD0A48F6205F496100A9E9AD /* Enemy.swift */,
				BD0A48F8205F49EF00A9E9AD /* EnemyType.swift */,
				BDB70A0520633114006575C3 /* WaveController.swift */,
			);
			path = Enemy;
			sourceTree = "<group>";
		};
		948E4E69205CD8F000DC6FF9 /* App */ = {
			isa = PBXGroup;
			children = (
				94B6E8EE20574F9C006F9CFC /* AppDelegate.swift */,
				946A48E62057C20E0083899E /* Protocols.swift */,
				94D661F62060941A0085A698 /* Structs.swift */,
				9445B8F02058A17200B64F9C /* Extensions.swift */,
				946A48EC2057D57D0083899E /* Constants.swift */,
				BDB70A0720633312006575C3 /* PotentiallyUnsafeGlobals.swift */,
				BDB70A09206339BC006575C3 /* DefaultGameSettings.swift */,
			);
			path = App;
			sourceTree = "<group>";
		};
		948E4E6A205CD92500DC6FF9 /* Player */ = {
			isa = PBXGroup;
			children = (
				9445B8F22058AE2200B64F9C /* PlayerLazersController.swift */,
				948E4E6B205CDACC00DC6FF9 /* PlayerAttributes.swift */,
			);
			path = Player;
			sourceTree = "<group>";
		};
		948E4E6D205CDADE00DC6FF9 /* ViewControllers */ = {
			isa = PBXGroup;
			children = (
				94B6E8F220574F9C006F9CFC /* GameViewController.swift */,
				948E4E66205C9F0200DC6FF9 /* WelcomeViewController.swift */,
			);
			path = ViewControllers;
			sourceTree = "<group>";
		};
		94B6E8E220574F9C006F9CFC = {
			isa = PBXGroup;
			children = (
				94B6E8ED20574F9C006F9CFC /* OhNoUFO */,
				94B6E90420574F9C006F9CFC /* OhNoUFOTests */,
				94B6E90F20574F9C006F9CFC /* OhNoUFOUITests */,
				94B6E8EC20574F9C006F9CFC /* Products */,
			);
			sourceTree = "<group>";
		};
		94B6E8EC20574F9C006F9CFC /* Products */ = {
			isa = PBXGroup;
			children = (
				94B6E8EB20574F9C006F9CFC /* OhNoUFO.app */,
				94B6E90120574F9C006F9CFC /* OhNoUFOTests.xctest */,
				94B6E90C20574F9C006F9CFC /* OhNoUFOUITests.xctest */,
			);
			name = Products;
			sourceTree = "<group>";
		};
		94B6E8ED20574F9C006F9CFC /* OhNoUFO */ = {
			isa = PBXGroup;
			children = (
				BDEF8273209FC631009DBFE0 /* Statistics */,
				948E4E69205CD8F000DC6FF9 /* App */,
				948E4E68205CD8C500DC6FF9 /* Enemy */,
				948E4E6A205CD92500DC6FF9 /* Player */,
				946435222060696D008A472A /* Cells */,
				94643525206075CC008A472A /* Scenes */,
				948E4E6D205CDADE00DC6FF9 /* ViewControllers */,
				94B6E8F720574F9C006F9CFC /* Assets.xcassets */,
				9413E1F22087D46B00BA203E /* Assets */,
				94B6E8F420574F9C006F9CFC /* Main.storyboard */,
				94B6E8F920574F9C006F9CFC /* LaunchScreen.storyboard */,
				94120B8F208B00B30068B657 /* smoke.scnp */,
				94120B92208B01860068B657 /* smoke2.scnp */,
				94D029D2208B0937007540C5 /* smok3.scnp */,
				94120B8E208B00B30068B657 /* smoke.png */,
				9445B8F72058FB7500B64F9C /* spark.png */,
				9445B8F82058FB7500B64F9C /* Explosion.scnp */,
				94B6E8FC20574F9C006F9CFC /* Info.plist */,
			);
			path = OhNoUFO;
			sourceTree = "<group>";
		};
		94B6E90420574F9C006F9CFC /* OhNoUFOTests */ = {
			isa = PBXGroup;
			children = (
				94B6E90520574F9C006F9CFC /* OhNoUFOTests.swift */,
				94B6E90720574F9C006F9CFC /* Info.plist */,
			);
			path = OhNoUFOTests;
			sourceTree = "<group>";
		};
		94B6E90F20574F9C006F9CFC /* OhNoUFOUITests */ = {
			isa = PBXGroup;
			children = (
				94B6E91020574F9C006F9CFC /* OhNoUFOUITests.swift */,
				94B6E91220574F9C006F9CFC /* Info.plist */,
			);
			path = OhNoUFOUITests;
			sourceTree = "<group>";
		};
		94B6E92B20579C50006F9CFC /* 3D Objects */ = {
			isa = PBXGroup;
			children = (
				94042496208564B700E63A49 /* Cube */,
				94621AD1205F3F7F00CCB73B /* UFO2 */,
				94621AD0205F379F00CCB73B /* UFO1 */,
			);
			path = "3D Objects";
			sourceTree = "<group>";
		};
		BDEF8273209FC631009DBFE0 /* Statistics */ = {
			isa = PBXGroup;
			children = (
				BDEF8274209FC667009DBFE0 /* RoundReport.swift */,
				BDEF8276209FC67C009DBFE0 /* RoundStatistics.swift */,
				BDEF8278209FC864009DBFE0 /* GlobalStatistics.swift */,
			);
			path = Statistics;
			sourceTree = "<group>";
		};
/* End PBXGroup section */

/* Begin PBXNativeTarget section */
		94B6E8EA20574F9C006F9CFC /* OhNoUFO */ = {
			isa = PBXNativeTarget;
			buildConfigurationList = 94B6E91520574F9C006F9CFC /* Build configuration list for PBXNativeTarget "OhNoUFO" */;
			buildPhases = (
				94B6E8E720574F9C006F9CFC /* Sources */,
				94B6E8E820574F9C006F9CFC /* Frameworks */,
				94B6E8E920574F9C006F9CFC /* Resources */,
			);
			buildRules = (
			);
			dependencies = (
			);
			name = OhNoUFO;
			productName = OhNoUFO;
			productReference = 94B6E8EB20574F9C006F9CFC /* OhNoUFO.app */;
			productType = "com.apple.product-type.application";
		};
		94B6E90020574F9C006F9CFC /* OhNoUFOTests */ = {
			isa = PBXNativeTarget;
			buildConfigurationList = 94B6E91820574F9C006F9CFC /* Build configuration list for PBXNativeTarget "OhNoUFOTests" */;
			buildPhases = (
				94B6E8FD20574F9C006F9CFC /* Sources */,
				94B6E8FE20574F9C006F9CFC /* Frameworks */,
				94B6E8FF20574F9C006F9CFC /* Resources */,
			);
			buildRules = (
			);
			dependencies = (
				94B6E90320574F9C006F9CFC /* PBXTargetDependency */,
			);
			name = OhNoUFOTests;
			productName = OhNoUFOTests;
			productReference = 94B6E90120574F9C006F9CFC /* OhNoUFOTests.xctest */;
			productType = "com.apple.product-type.bundle.unit-test";
		};
		94B6E90B20574F9C006F9CFC /* OhNoUFOUITests */ = {
			isa = PBXNativeTarget;
			buildConfigurationList = 94B6E91B20574F9C006F9CFC /* Build configuration list for PBXNativeTarget "OhNoUFOUITests" */;
			buildPhases = (
				94B6E90820574F9C006F9CFC /* Sources */,
				94B6E90920574F9C006F9CFC /* Frameworks */,
				94B6E90A20574F9C006F9CFC /* Resources */,
			);
			buildRules = (
			);
			dependencies = (
				94B6E90E20574F9C006F9CFC /* PBXTargetDependency */,
			);
			name = OhNoUFOUITests;
			productName = OhNoUFOUITests;
			productReference = 94B6E90C20574F9C006F9CFC /* OhNoUFOUITests.xctest */;
			productType = "com.apple.product-type.bundle.ui-testing";
		};
/* End PBXNativeTarget section */

/* Begin PBXProject section */
		94B6E8E320574F9C006F9CFC /* Project object */ = {
			isa = PBXProject;
			attributes = {
				LastSwiftUpdateCheck = 0920;
				LastUpgradeCheck = 0930;
				ORGANIZATIONNAME = "Henry Boswell";
				TargetAttributes = {
					94B6E8EA20574F9C006F9CFC = {
						CreatedOnToolsVersion = 9.2;
						ProvisioningStyle = Automatic;
					};
					94B6E90020574F9C006F9CFC = {
						CreatedOnToolsVersion = 9.2;
						ProvisioningStyle = Automatic;
						TestTargetID = 94B6E8EA20574F9C006F9CFC;
					};
					94B6E90B20574F9C006F9CFC = {
						CreatedOnToolsVersion = 9.2;
						ProvisioningStyle = Automatic;
						TestTargetID = 94B6E8EA20574F9C006F9CFC;
					};
				};
			};
			buildConfigurationList = 94B6E8E620574F9C006F9CFC /* Build configuration list for PBXProject "OhNoUFO" */;
			compatibilityVersion = "Xcode 8.0";
			developmentRegion = en;
			hasScannedForEncodings = 0;
			knownRegions = (
				en,
				Base,
			);
			mainGroup = 94B6E8E220574F9C006F9CFC;
			productRefGroup = 94B6E8EC20574F9C006F9CFC /* Products */;
			projectDirPath = "";
			projectRoot = "";
			targets = (
				94B6E8EA20574F9C006F9CFC /* OhNoUFO */,
				94B6E90020574F9C006F9CFC /* OhNoUFOTests */,
				94B6E90B20574F9C006F9CFC /* OhNoUFOUITests */,
			);
		};
/* End PBXProject section */

/* Begin PBXResourcesBuildPhase section */
		94B6E8E920574F9C006F9CFC /* Resources */ = {
			isa = PBXResourcesBuildPhase;
			buildActionMask = 2147483647;
			files = (
				94B6E93620579C50006F9CFC /* UFO.mtl in Resources */,
				9431533E208963F300B8517B /* ret3.png in Resources */,
				94F498A2208E6B3500498539 /* gear.png in Resources */,
				94B6E8FB20574F9C006F9CFC /* LaunchScreen.storyboard in Resources */,
				94F498A0208E6B3500498539 /* mag.png in Resources */,
				94315356208A7F7F00B8517B /* locked.png in Resources */,
				9413E1FB2087E5E200BA203E /* ret22.png in Resources */,
				94B6E93520579C50006F9CFC /* UFO_D.tga in Resources */,
				94B6E93820579C50006F9CFC /* UFO_Light_D.tga in Resources */,
				94171C0A208C6AA800C81710 /* health.png in Resources */,
				94B6E93A20579C50006F9CFC /* UFO_N.tga in Resources */,
				94120B91208B00B30068B657 /* smoke.scnp in Resources */,
				94C51AF020886F1B006474F7 /* background.png in Resources */,
				9413E2002087E5E900BA203E /* ret66.png in Resources */,
				943153292089251D00B8517B /* neuropol.ttf in Resources */,
				94315342208964F500B8517B /* ret5.png in Resources */,
				9431534A2089A19400B8517B /* main_field_1.png in Resources */,
				94315344208964F500B8517B /* ret6.png in Resources */,
				9431534D2089E19800B8517B /* 3.png in Resources */,
				94F498A1208E6B3500498539 /* shield.png in Resources */,
				9445B8F92058FB7500B64F9C /* spark.png in Resources */,
				9413E2052087FF2C00BA203E /* knewave.ttf in Resources */,
				9413E1F02087CD9600BA203E /* normal.png in Resources */,
				9413E1FE2087E5E200BA203E /* ret33.png in Resources */,
				9431533C208963F300B8517B /* ret4.png in Resources */,
				943153522089E19E00B8517B /* 1.png in Resources */,
				943153352089350F00B8517B /* window_top.png in Resources */,
				94C51AF220887064006474F7 /* background3.png in Resources */,
				943153532089E19E00B8517B /* 2.png in Resources */,
				94315337208935DE00B8517B /* window_bottom.png in Resources */,
				9445B8FA2058FB7500B64F9C /* Explosion.scnp in Resources */,
				94315343208964F500B8517B /* ret7.png in Resources */,
				94120B90208B00B30068B657 /* smoke.png in Resources */,
				943153512089E19E00B8517B /* 0.png in Resources */,
				94042498208564C800E63A49 /* Cube.dae in Resources */,
				9445B8F62058EF7D00B64F9C /* UFO.dae in Resources */,
				94D029D3208B0937007540C5 /* smok3.scnp in Resources */,
				9413E1FD2087E5E200BA203E /* ret55.png in Resources */,
				94B6E8F820574F9C006F9CFC /* Assets.xcassets in Resources */,
				9403AEAE208C270E00B437F5 /* window_top_upside_down.png in Resources */,
				9413E1FC2087E5E200BA203E /* ret44.png in Resources */,
				9413E2022087E5F100BA203E /* ret77.png in Resources */,
				943153332089317700B8517B /* Armory_Item_Frame.png in Resources */,
				9431532C20892D3500B8517B /* ret1.png in Resources */,
				94B6E8F620574F9C006F9CFC /* Main.storyboard in Resources */,
				9431533D208963F300B8517B /* ret2.png in Resources */,
				94621ADD205F440800CCB73B /* UFO2.dae in Resources */,
				9413E1EF2087CD9600BA203E /* albedo.png in Resources */,
				943153492089A19400B8517B /* main_field_3.png in Resources */,
				9413E1F12087CD9600BA203E /* roughness.png in Resources */,
				9413E1F62087D49C00BA203E /* ret11.png in Resources */,
				943153482089A19400B8517B /* main_field_2.png in Resources */,
				94120B93208B01860068B657 /* smoke2.scnp in Resources */,
				9413E1EE2087CD9600BA203E /* metal.png in Resources */,
			);
			runOnlyForDeploymentPostprocessing = 0;
		};
		94B6E8FF20574F9C006F9CFC /* Resources */ = {
			isa = PBXResourcesBuildPhase;
			buildActionMask = 2147483647;
			files = (
			);
			runOnlyForDeploymentPostprocessing = 0;
		};
		94B6E90A20574F9C006F9CFC /* Resources */ = {
			isa = PBXResourcesBuildPhase;
			buildActionMask = 2147483647;
			files = (
			);
			runOnlyForDeploymentPostprocessing = 0;
		};
/* End PBXResourcesBuildPhase section */

/* Begin PBXSourcesBuildPhase section */
		94B6E8E720574F9C006F9CFC /* Sources */ = {
			isa = PBXSourcesBuildPhase;
			buildActionMask = 2147483647;
			files = (
				948E4E67205C9F0200DC6FF9 /* WelcomeViewController.swift in Sources */,
				94F4989C208DD99700498539 /* PowerupCollectionViewCell.swift in Sources */,
				BDB70A0820633312006575C3 /* PotentiallyUnsafeGlobals.swift in Sources */,
				946A48ED2057D57D0083899E /* Constants.swift in Sources */,
				BDB70A0A206339BC006575C3 /* DefaultGameSettings.swift in Sources */,
				94D661F3206093230085A698 /* LaserTableViewCell.swift in Sources */,
				9464352120606964008A472A /* ArcadeModeTableViewCell.swift in Sources */,
				BDEF8277209FC67C009DBFE0 /* RoundStatistics.swift in Sources */,
				BD0A48F7205F496100A9E9AD /* Enemy.swift in Sources */,
				948E4E6C205CDACC00DC6FF9 /* PlayerAttributes.swift in Sources */,
				94F4989A208DD91900498539 /* PowerupTableViewCell.swift in Sources */,
				94D661F5206093900085A698 /* LaserCollectionViewCell.swift in Sources */,
				9445B8F32058AE2200B64F9C /* PlayerLazersController.swift in Sources */,
				946435242060759D008A472A /* WelcomeScene.swift in Sources */,
				94171C0E208D5A0400C81710 /* EquippedTableViewCell.swift in Sources */,
				9445B8F12058A17200B64F9C /* Extensions.swift in Sources */,
				94D661F72060941A0085A698 /* Structs.swift in Sources */,
				BDEF8275209FC667009DBFE0 /* RoundReport.swift in Sources */,
				BDB70A0620633114006575C3 /* WaveController.swift in Sources */,
				94B6E8F320574F9C006F9CFC /* GameViewController.swift in Sources */,
				946A48E72057C20E0083899E /* Protocols.swift in Sources */,
				946A48EB2057D0BE0083899E /* GameController.swift in Sources */,
				BD0A48F9205F49EF00A9E9AD /* EnemyType.swift in Sources */,
				94ABDB6B2086991C00B8BFA4 /* ReportTableViewCell.swift in Sources */,
				94B6E8EF20574F9C006F9CFC /* AppDelegate.swift in Sources */,
				BDEF8279209FC864009DBFE0 /* GlobalStatistics.swift in Sources */,
			);
			runOnlyForDeploymentPostprocessing = 0;
		};
		94B6E8FD20574F9C006F9CFC /* Sources */ = {
			isa = PBXSourcesBuildPhase;
			buildActionMask = 2147483647;
			files = (
				94B6E90620574F9C006F9CFC /* OhNoUFOTests.swift in Sources */,
			);
			runOnlyForDeploymentPostprocessing = 0;
		};
		94B6E90820574F9C006F9CFC /* Sources */ = {
			isa = PBXSourcesBuildPhase;
			buildActionMask = 2147483647;
			files = (
				94B6E91120574F9C006F9CFC /* OhNoUFOUITests.swift in Sources */,
			);
			runOnlyForDeploymentPostprocessing = 0;
		};
/* End PBXSourcesBuildPhase section */

/* Begin PBXTargetDependency section */
		94B6E90320574F9C006F9CFC /* PBXTargetDependency */ = {
			isa = PBXTargetDependency;
			target = 94B6E8EA20574F9C006F9CFC /* OhNoUFO */;
			targetProxy = 94B6E90220574F9C006F9CFC /* PBXContainerItemProxy */;
		};
		94B6E90E20574F9C006F9CFC /* PBXTargetDependency */ = {
			isa = PBXTargetDependency;
			target = 94B6E8EA20574F9C006F9CFC /* OhNoUFO */;
			targetProxy = 94B6E90D20574F9C006F9CFC /* PBXContainerItemProxy */;
		};
/* End PBXTargetDependency section */

/* Begin PBXVariantGroup section */
		94B6E8F420574F9C006F9CFC /* Main.storyboard */ = {
			isa = PBXVariantGroup;
			children = (
				94B6E8F520574F9C006F9CFC /* Base */,
			);
			name = Main.storyboard;
			sourceTree = "<group>";
		};
		94B6E8F920574F9C006F9CFC /* LaunchScreen.storyboard */ = {
			isa = PBXVariantGroup;
			children = (
				94B6E8FA20574F9C006F9CFC /* Base */,
			);
			name = LaunchScreen.storyboard;
			sourceTree = "<group>";
		};
/* End PBXVariantGroup section */

/* Begin XCBuildConfiguration section */
		94B6E91320574F9C006F9CFC /* Debug */ = {
			isa = XCBuildConfiguration;
			buildSettings = {
				ALWAYS_SEARCH_USER_PATHS = NO;
				CLANG_ANALYZER_NONNULL = YES;
				CLANG_ANALYZER_NUMBER_OBJECT_CONVERSION = YES_AGGRESSIVE;
				CLANG_CXX_LANGUAGE_STANDARD = "gnu++14";
				CLANG_CXX_LIBRARY = "libc++";
				CLANG_ENABLE_MODULES = YES;
				CLANG_ENABLE_OBJC_ARC = YES;
				CLANG_WARN_BLOCK_CAPTURE_AUTORELEASING = YES;
				CLANG_WARN_BOOL_CONVERSION = YES;
				CLANG_WARN_COMMA = YES;
				CLANG_WARN_CONSTANT_CONVERSION = YES;
				CLANG_WARN_DEPRECATED_OBJC_IMPLEMENTATIONS = YES;
				CLANG_WARN_DIRECT_OBJC_ISA_USAGE = YES_ERROR;
				CLANG_WARN_DOCUMENTATION_COMMENTS = YES;
				CLANG_WARN_EMPTY_BODY = YES;
				CLANG_WARN_ENUM_CONVERSION = YES;
				CLANG_WARN_INFINITE_RECURSION = YES;
				CLANG_WARN_INT_CONVERSION = YES;
				CLANG_WARN_NON_LITERAL_NULL_CONVERSION = YES;
				CLANG_WARN_OBJC_IMPLICIT_RETAIN_SELF = YES;
				CLANG_WARN_OBJC_LITERAL_CONVERSION = YES;
				CLANG_WARN_OBJC_ROOT_CLASS = YES_ERROR;
				CLANG_WARN_RANGE_LOOP_ANALYSIS = YES;
				CLANG_WARN_STRICT_PROTOTYPES = YES;
				CLANG_WARN_SUSPICIOUS_MOVE = YES;
				CLANG_WARN_UNGUARDED_AVAILABILITY = YES_AGGRESSIVE;
				CLANG_WARN_UNREACHABLE_CODE = YES;
				CLANG_WARN__DUPLICATE_METHOD_MATCH = YES;
				CODE_SIGN_IDENTITY = "iPhone Developer";
				COPY_PHASE_STRIP = NO;
				DEBUG_INFORMATION_FORMAT = dwarf;
				ENABLE_STRICT_OBJC_MSGSEND = YES;
				ENABLE_TESTABILITY = YES;
				GCC_C_LANGUAGE_STANDARD = gnu11;
				GCC_DYNAMIC_NO_PIC = NO;
				GCC_NO_COMMON_BLOCKS = YES;
				GCC_OPTIMIZATION_LEVEL = 0;
				GCC_PREPROCESSOR_DEFINITIONS = (
					"DEBUG=1",
					"$(inherited)",
				);
				GCC_WARN_64_TO_32_BIT_CONVERSION = YES;
				GCC_WARN_ABOUT_RETURN_TYPE = YES_ERROR;
				GCC_WARN_UNDECLARED_SELECTOR = YES;
				GCC_WARN_UNINITIALIZED_AUTOS = YES_AGGRESSIVE;
				GCC_WARN_UNUSED_FUNCTION = YES;
				GCC_WARN_UNUSED_VARIABLE = YES;
				IPHONEOS_DEPLOYMENT_TARGET = 11.2;
				MTL_ENABLE_DEBUG_INFO = YES;
				ONLY_ACTIVE_ARCH = YES;
				SDKROOT = iphoneos;
				SWIFT_ACTIVE_COMPILATION_CONDITIONS = DEBUG;
				SWIFT_OPTIMIZATION_LEVEL = "-Onone";
			};
			name = Debug;
		};
		94B6E91420574F9C006F9CFC /* Release */ = {
			isa = XCBuildConfiguration;
			buildSettings = {
				ALWAYS_SEARCH_USER_PATHS = NO;
				CLANG_ANALYZER_NONNULL = YES;
				CLANG_ANALYZER_NUMBER_OBJECT_CONVERSION = YES_AGGRESSIVE;
				CLANG_CXX_LANGUAGE_STANDARD = "gnu++14";
				CLANG_CXX_LIBRARY = "libc++";
				CLANG_ENABLE_MODULES = YES;
				CLANG_ENABLE_OBJC_ARC = YES;
				CLANG_WARN_BLOCK_CAPTURE_AUTORELEASING = YES;
				CLANG_WARN_BOOL_CONVERSION = YES;
				CLANG_WARN_COMMA = YES;
				CLANG_WARN_CONSTANT_CONVERSION = YES;
				CLANG_WARN_DEPRECATED_OBJC_IMPLEMENTATIONS = YES;
				CLANG_WARN_DIRECT_OBJC_ISA_USAGE = YES_ERROR;
				CLANG_WARN_DOCUMENTATION_COMMENTS = YES;
				CLANG_WARN_EMPTY_BODY = YES;
				CLANG_WARN_ENUM_CONVERSION = YES;
				CLANG_WARN_INFINITE_RECURSION = YES;
				CLANG_WARN_INT_CONVERSION = YES;
				CLANG_WARN_NON_LITERAL_NULL_CONVERSION = YES;
				CLANG_WARN_OBJC_IMPLICIT_RETAIN_SELF = YES;
				CLANG_WARN_OBJC_LITERAL_CONVERSION = YES;
				CLANG_WARN_OBJC_ROOT_CLASS = YES_ERROR;
				CLANG_WARN_RANGE_LOOP_ANALYSIS = YES;
				CLANG_WARN_STRICT_PROTOTYPES = YES;
				CLANG_WARN_SUSPICIOUS_MOVE = YES;
				CLANG_WARN_UNGUARDED_AVAILABILITY = YES_AGGRESSIVE;
				CLANG_WARN_UNREACHABLE_CODE = YES;
				CLANG_WARN__DUPLICATE_METHOD_MATCH = YES;
				CODE_SIGN_IDENTITY = "iPhone Developer";
				COPY_PHASE_STRIP = NO;
				DEBUG_INFORMATION_FORMAT = "dwarf-with-dsym";
				ENABLE_NS_ASSERTIONS = NO;
				ENABLE_STRICT_OBJC_MSGSEND = YES;
				GCC_C_LANGUAGE_STANDARD = gnu11;
				GCC_NO_COMMON_BLOCKS = YES;
				GCC_WARN_64_TO_32_BIT_CONVERSION = YES;
				GCC_WARN_ABOUT_RETURN_TYPE = YES_ERROR;
				GCC_WARN_UNDECLARED_SELECTOR = YES;
				GCC_WARN_UNINITIALIZED_AUTOS = YES_AGGRESSIVE;
				GCC_WARN_UNUSED_FUNCTION = YES;
				GCC_WARN_UNUSED_VARIABLE = YES;
				IPHONEOS_DEPLOYMENT_TARGET = 11.2;
				MTL_ENABLE_DEBUG_INFO = NO;
				SDKROOT = iphoneos;
				SWIFT_OPTIMIZATION_LEVEL = "-Owholemodule";
				VALIDATE_PRODUCT = YES;
			};
			name = Release;
		};
		94B6E91620574F9C006F9CFC /* Debug */ = {
			isa = XCBuildConfiguration;
			buildSettings = {
				ASSETCATALOG_COMPILER_APPICON_NAME = AppIcon;
				CODE_SIGN_STYLE = Automatic;
				DEVELOPMENT_TEAM = 27RHNLCLG4;
				INFOPLIST_FILE = OhNoUFO/Info.plist;
				LD_RUNPATH_SEARCH_PATHS = "$(inherited) @executable_path/Frameworks";
				PRODUCT_BUNDLE_IDENTIFIER = com.boswell.ohnoufo;
				PRODUCT_NAME = "$(TARGET_NAME)";
				SWIFT_VERSION = 4.0;
				TARGETED_DEVICE_FAMILY = "1,2";
			};
			name = Debug;
		};
		94B6E91720574F9C006F9CFC /* Release */ = {
			isa = XCBuildConfiguration;
			buildSettings = {
				ASSETCATALOG_COMPILER_APPICON_NAME = AppIcon;
				CODE_SIGN_STYLE = Automatic;
				DEVELOPMENT_TEAM = 27RHNLCLG4;
				INFOPLIST_FILE = OhNoUFO/Info.plist;
				LD_RUNPATH_SEARCH_PATHS = "$(inherited) @executable_path/Frameworks";
				PRODUCT_BUNDLE_IDENTIFIER = com.boswell.ohnoufo;
				PRODUCT_NAME = "$(TARGET_NAME)";
				SWIFT_VERSION = 4.0;
				TARGETED_DEVICE_FAMILY = "1,2";
			};
			name = Release;
		};
		94B6E91920574F9C006F9CFC /* Debug */ = {
			isa = XCBuildConfiguration;
			buildSettings = {
				ALWAYS_EMBED_SWIFT_STANDARD_LIBRARIES = YES;
				BUNDLE_LOADER = "$(TEST_HOST)";
				CODE_SIGN_STYLE = Automatic;
				INFOPLIST_FILE = OhNoUFOTests/Info.plist;
				LD_RUNPATH_SEARCH_PATHS = "$(inherited) @executable_path/Frameworks @loader_path/Frameworks";
				PRODUCT_BUNDLE_IDENTIFIER = Boswell.OhNoUFOTests;
				PRODUCT_NAME = "$(TARGET_NAME)";
				SWIFT_VERSION = 4.0;
				TARGETED_DEVICE_FAMILY = "1,2";
				TEST_HOST = "$(BUILT_PRODUCTS_DIR)/OhNoUFO.app/OhNoUFO";
			};
			name = Debug;
		};
		94B6E91A20574F9C006F9CFC /* Release */ = {
			isa = XCBuildConfiguration;
			buildSettings = {
				ALWAYS_EMBED_SWIFT_STANDARD_LIBRARIES = YES;
				BUNDLE_LOADER = "$(TEST_HOST)";
				CODE_SIGN_STYLE = Automatic;
				INFOPLIST_FILE = OhNoUFOTests/Info.plist;
				LD_RUNPATH_SEARCH_PATHS = "$(inherited) @executable_path/Frameworks @loader_path/Frameworks";
				PRODUCT_BUNDLE_IDENTIFIER = Boswell.OhNoUFOTests;
				PRODUCT_NAME = "$(TARGET_NAME)";
				SWIFT_VERSION = 4.0;
				TARGETED_DEVICE_FAMILY = "1,2";
				TEST_HOST = "$(BUILT_PRODUCTS_DIR)/OhNoUFO.app/OhNoUFO";
			};
			name = Release;
		};
		94B6E91C20574F9C006F9CFC /* Debug */ = {
			isa = XCBuildConfiguration;
			buildSettings = {
				ALWAYS_EMBED_SWIFT_STANDARD_LIBRARIES = YES;
				CODE_SIGN_STYLE = Automatic;
				INFOPLIST_FILE = OhNoUFOUITests/Info.plist;
				LD_RUNPATH_SEARCH_PATHS = "$(inherited) @executable_path/Frameworks @loader_path/Frameworks";
				PRODUCT_BUNDLE_IDENTIFIER = Boswell.OhNoUFOUITests;
				PRODUCT_NAME = "$(TARGET_NAME)";
				SWIFT_VERSION = 4.0;
				TARGETED_DEVICE_FAMILY = "1,2";
				TEST_TARGET_NAME = OhNoUFO;
			};
			name = Debug;
		};
		94B6E91D20574F9C006F9CFC /* Release */ = {
			isa = XCBuildConfiguration;
			buildSettings = {
				ALWAYS_EMBED_SWIFT_STANDARD_LIBRARIES = YES;
				CODE_SIGN_STYLE = Automatic;
				INFOPLIST_FILE = OhNoUFOUITests/Info.plist;
				LD_RUNPATH_SEARCH_PATHS = "$(inherited) @executable_path/Frameworks @loader_path/Frameworks";
				PRODUCT_BUNDLE_IDENTIFIER = Boswell.OhNoUFOUITests;
				PRODUCT_NAME = "$(TARGET_NAME)";
				SWIFT_VERSION = 4.0;
				TARGETED_DEVICE_FAMILY = "1,2";
				TEST_TARGET_NAME = OhNoUFO;
			};
			name = Release;
		};
/* End XCBuildConfiguration section */

/* Begin XCConfigurationList section */
		94B6E8E620574F9C006F9CFC /* Build configuration list for PBXProject "OhNoUFO" */ = {
			isa = XCConfigurationList;
			buildConfigurations = (
				94B6E91320574F9C006F9CFC /* Debug */,
				94B6E91420574F9C006F9CFC /* Release */,
			);
			defaultConfigurationIsVisible = 0;
			defaultConfigurationName = Release;
		};
		94B6E91520574F9C006F9CFC /* Build configuration list for PBXNativeTarget "OhNoUFO" */ = {
			isa = XCConfigurationList;
			buildConfigurations = (
				94B6E91620574F9C006F9CFC /* Debug */,
				94B6E91720574F9C006F9CFC /* Release */,
			);
			defaultConfigurationIsVisible = 0;
			defaultConfigurationName = Release;
		};
		94B6E91820574F9C006F9CFC /* Build configuration list for PBXNativeTarget "OhNoUFOTests" */ = {
			isa = XCConfigurationList;
			buildConfigurations = (
				94B6E91920574F9C006F9CFC /* Debug */,
				94B6E91A20574F9C006F9CFC /* Release */,
			);
			defaultConfigurationIsVisible = 0;
			defaultConfigurationName = Release;
		};
		94B6E91B20574F9C006F9CFC /* Build configuration list for PBXNativeTarget "OhNoUFOUITests" */ = {
			isa = XCConfigurationList;
			buildConfigurations = (
				94B6E91C20574F9C006F9CFC /* Debug */,
				94B6E91D20574F9C006F9CFC /* Release */,
			);
			defaultConfigurationIsVisible = 0;
			defaultConfigurationName = Release;
		};
/* End XCConfigurationList section */
	};
	rootObject = 94B6E8E320574F9C006F9CFC /* Project object */;
}
